Microsoft Visual Studio Solution File, Format Version 11.00
# Visual Studio 2008

Project("{CB59608F-CED5-67A1-4B13-A6E5C5C8A1D2}") = "neo", "Assembly-CSharp-firstpass.csproj", "{B021ADA1-79C7-FB2F-2D58-225EACF2E8CA}"
EndProject
Project("{CB59608F-CED5-67A1-4B13-A6E5C5C8A1D2}") = "neo", "Assembly-CSharp.csproj", "{0B8E954B-5A09-8FC7-D4A9-8C847B702416}"
EndProject
Project("{CB59608F-CED5-67A1-4B13-A6E5C5C8A1D2}") = "neo", "Assembly-CSharp-Editor.csproj", "{443071E5-96B6-36BB-B710-A75A9A2BB549}"
EndProject
Global
	GlobalSection(SolutionConfigurationPlatforms) = preSolution
		Debug|Any CPU = Debug|Any CPU
		Release|Any CPU = Release|Any CPU
	EndGlobalSection
	GlobalSection(ProjectConfigurationPlatforms) = postSolution
		{B021ADA1-79C7-FB2F-2D58-225EACF2E8CA}.Debug|Any CPU.ActiveCfg = Debug|Any CPU
		{B021ADA1-79C7-FB2F-2D58-225EACF2E8CA}.Debug|Any CPU.Build.0 = Debug|Any CPU
		{B021ADA1-79C7-FB2F-2D58-225EACF2E8CA}.Release|Any CPU.ActiveCfg = Release|Any CPU
		{B021ADA1-79C7-FB2F-2D58-225EACF2E8CA}.Release|Any CPU.Build.0 = Release|Any CPU
		{0B8E954B-5A09-8FC7-D4A9-8C847B702416}.Debug|Any CPU.ActiveCfg = Debug|Any CPU
		{0B8E954B-5A09-8FC7-D4A9-8C847B702416}.Debug|Any CPU.Build.0 = Debug|Any CPU
		{0B8E954B-5A09-8FC7-D4A9-8C847B702416}.Release|Any CPU.ActiveCfg = Release|Any CPU
		{0B8E954B-5A09-8FC7-D4A9-8C847B702416}.Release|Any CPU.Build.0 = Release|Any CPU
		{443071E5-96B6-36BB-B710-A75A9A2BB549}.Debug|Any CPU.ActiveCfg = Debug|Any CPU
		{443071E5-96B6-36BB-B710-A75A9A2BB549}.Debug|Any CPU.Build.0 = Debug|Any CPU
		{443071E5-96B6-36BB-B710-A75A9A2BB549}.Release|Any CPU.ActiveCfg = Release|Any CPU
		{443071E5-96B6-36BB-B710-A75A9A2BB549}.Release|Any CPU.Build.0 = Release|Any CPU
	EndGlobalSection
	GlobalSection(SolutionProperties) = preSolution
		HideSolutionNode = FALSE
	EndGlobalSection
	GlobalSection(MonoDevelopProperties) = preSolution
		StartupItem = Assembly-CSharp.csproj
	EndGlobalSection
EndGlobal
